
Microsoft Visual Studio Solution File, Format Version 12.00
# Visual Studio Version 17
VisualStudioVersion = 17.9.34723.18
MinimumVisualStudioVersion = 10.0.40219.1
Project("{9A19103F-16F7-4668-BE54-9A1E7A4F7556}") = "ECommerce.Models", "ECommerce.Models\ECommerce.Models.csproj", "{173563E5-10F0-4561-84EC-A7591D3EFC36}"
EndProject
Project("{9A19103F-16F7-4668-BE54-9A1E7A4F7556}") = "ECommerce.DAL", "ECommerce.DAL\ECommerce.DAL.csproj", "{1A6CFCAA-EDB1-45D1-A724-3F6BEC10A8E4}"
EndProject
Project("{9A19103F-16F7-4668-BE54-9A1E7A4F7556}") = "ECommerce.BLL", "ECommerce.BLL\ECommerce.BLL.csproj", "{2DD6F6E8-343A-4D23-BBA0-AC0452783FF3}"
EndProject
Project("{2150E333-8FDC-42A3-9474-1A3956D46DE8}") = "UI", "UI", "{AB2CE249-2417-4493-9428-D643CB1B5F04}"
EndProject
Project("{9A19103F-16F7-4668-BE54-9A1E7A4F7556}") = "ECommerce.MVC", "ECommerce.MVC\ECommerce.MVC.csproj", "{9094D21F-122E-418F-9C38-813930E16084}"
EndProject
Project("{FAE04EC0-301F-11D3-BF4B-00C04F79EFBC}") = "ECommerce.Common", "ECommerce.Common\ECommerce.Common.csproj", "{FE3CE13E-D75A-425E-828F-84FD3FD26E0F}"
EndProject
Global
	GlobalSection(SolutionConfigurationPlatforms) = preSolution
		Debug|Any CPU = Debug|Any CPU
		Release|Any CPU = Release|Any CPU
	EndGlobalSection
	GlobalSection(ProjectConfigurationPlatforms) = postSolution
		{173563E5-10F0-4561-84EC-A7591D3EFC36}.Debug|Any CPU.ActiveCfg = Debug|Any CPU
		{173563E5-10F0-4561-84EC-A7591D3EFC36}.Debug|Any CPU.Build.0 = Debug|Any CPU
		{173563E5-10F0-4561-84EC-A7591D3EFC36}.Release|Any CPU.ActiveCfg = Release|Any CPU
		{173563E5-10F0-4561-84EC-A7591D3EFC36}.Release|Any CPU.Build.0 = Release|Any CPU
		{1A6CFCAA-EDB1-45D1-A724-3F6BEC10A8E4}.Debug|Any CPU.ActiveCfg = Debug|Any CPU
		{1A6CFCAA-EDB1-45D1-A724-3F6BEC10A8E4}.Debug|Any CPU.Build.0 = Debug|Any CPU
		{1A6CFCAA-EDB1-45D1-A724-3F6BEC10A8E4}.Release|Any CPU.ActiveCfg = Release|Any CPU
		{1A6CFCAA-EDB1-45D1-A724-3F6BEC10A8E4}.Release|Any CPU.Build.0 = Release|Any CPU
		{2DD6F6E8-343A-4D23-BBA0-AC0452783FF3}.Debug|Any CPU.ActiveCfg = Debug|Any CPU
		{2DD6F6E8-343A-4D23-BBA0-AC0452783FF3}.Debug|Any CPU.Build.0 = Debug|Any CPU
		{2DD6F6E8-343A-4D23-BBA0-AC0452783FF3}.Release|Any CPU.ActiveCfg = Release|Any CPU
		{2DD6F6E8-343A-4D23-BBA0-AC0452783FF3}.Release|Any CPU.Build.0 = Release|Any CPU
		{9094D21F-122E-418F-9C38-813930E16084}.Debug|Any CPU.ActiveCfg = Debug|Any CPU
		{9094D21F-122E-418F-9C38-813930E16084}.Debug|Any CPU.Build.0 = Debug|Any CPU
		{9094D21F-122E-418F-9C38-813930E16084}.Release|Any CPU.ActiveCfg = Release|Any CPU
		{9094D21F-122E-418F-9C38-813930E16084}.Release|Any CPU.Build.0 = Release|Any CPU
		{FE3CE13E-D75A-425E-828F-84FD3FD26E0F}.Debug|Any CPU.ActiveCfg = Debug|Any CPU
		{FE3CE13E-D75A-425E-828F-84FD3FD26E0F}.Debug|Any CPU.Build.0 = Debug|Any CPU
		{FE3CE13E-D75A-425E-828F-84FD3FD26E0F}.Release|Any CPU.ActiveCfg = Release|Any CPU
		{FE3CE13E-D75A-425E-828F-84FD3FD26E0F}.Release|Any CPU.Build.0 = Release|Any CPU
	EndGlobalSection
	GlobalSection(SolutionProperties) = preSolution
		HideSolutionNode = FALSE
	EndGlobalSection
	GlobalSection(NestedProjects) = preSolution
		{9094D21F-122E-418F-9C38-813930E16084} = {AB2CE249-2417-4493-9428-D643CB1B5F04}
	EndGlobalSection
	GlobalSection(ExtensibilityGlobals) = postSolution
		SolutionGuid = {C4C645C4-DB66-464F-B845-7167BD085510}
	EndGlobalSection
EndGlobal
